// !$*UTF8*$!
{
	archiveVersion = 1;
	classes = {
	};
	objectVersion = 56;
	objects = {

/* Begin PBXBuildFile section */
		16A6D0022B1F970500C6BC50 /* FirebaseAnalytics in Frameworks */ = {isa = PBXBuildFile; productRef = 16A6D0012B1F970500C6BC50 /* FirebaseAnalytics */; };
		16A6D0042B1F970500C6BC50 /* FirebaseAnalyticsSwift in Frameworks */ = {isa = PBXBuildFile; productRef = 16A6D0032B1F970500C6BC50 /* FirebaseAnalyticsSwift */; };
		16A6D0062B1F970500C6BC50 /* FirebaseAnalyticsWithoutAdIdSupport in Frameworks */ = {isa = PBXBuildFile; productRef = 16A6D0052B1F970500C6BC50 /* FirebaseAnalyticsWithoutAdIdSupport */; };
		16A6D0082B1F970500C6BC50 /* FirebaseAuth in Frameworks */ = {isa = PBXBuildFile; productRef = 16A6D0072B1F970500C6BC50 /* FirebaseAuth */; };
		16A6D00A2B1F970500C6BC50 /* FirebaseDatabase in Frameworks */ = {isa = PBXBuildFile; productRef = 16A6D0092B1F970500C6BC50 /* FirebaseDatabase */; };
		16A6D00C2B1F970500C6BC50 /* FirebaseDatabaseSwift in Frameworks */ = {isa = PBXBuildFile; productRef = 16A6D00B2B1F970500C6BC50 /* FirebaseDatabaseSwift */; };
		16A6D00E2B1F970500C6BC50 /* FirebaseFirestore in Frameworks */ = {isa = PBXBuildFile; productRef = 16A6D00D2B1F970500C6BC50 /* FirebaseFirestore */; };
		16A6D0102B1F970500C6BC50 /* FirebaseFirestoreCombine-Community in Frameworks */ = {isa = PBXBuildFile; productRef = 16A6D00F2B1F970500C6BC50 /* FirebaseFirestoreCombine-Community */; };
		16A6D0122B1F970500C6BC50 /* FirebaseFirestoreSwift in Frameworks */ = {isa = PBXBuildFile; productRef = 16A6D0112B1F970500C6BC50 /* FirebaseFirestoreSwift */; };
		16A6D0142B1F970500C6BC50 /* FirebaseRemoteConfig in Frameworks */ = {isa = PBXBuildFile; productRef = 16A6D0132B1F970500C6BC50 /* FirebaseRemoteConfig */; };
		16A6D0162B1F970500C6BC50 /* FirebaseRemoteConfigSwift in Frameworks */ = {isa = PBXBuildFile; productRef = 16A6D0152B1F970500C6BC50 /* FirebaseRemoteConfigSwift */; };
		16A6D0182B1F970500C6BC50 /* FirebaseStorage in Frameworks */ = {isa = PBXBuildFile; productRef = 16A6D0172B1F970500C6BC50 /* FirebaseStorage */; };
		16A6D01A2B1F970500C6BC50 /* FirebaseStorageCombine-Community in Frameworks */ = {isa = PBXBuildFile; productRef = 16A6D0192B1F970500C6BC50 /* FirebaseStorageCombine-Community */; };
		810C2EC42B1E262000092C30 /* AppDelegate.swift in Sources */ = {isa = PBXBuildFile; fileRef = 810C2EC32B1E262000092C30 /* AppDelegate.swift */; };
		810C2EC62B1E262000092C30 /* SceneDelegate.swift in Sources */ = {isa = PBXBuildFile; fileRef = 810C2EC52B1E262000092C30 /* SceneDelegate.swift */; };
		810C2ECE2B1E262000092C30 /* CasoPractico.xcdatamodeld in Sources */ = {isa = PBXBuildFile; fileRef = 810C2ECC2B1E262000092C30 /* CasoPractico.xcdatamodeld */; };
		810C2ED02B1E262300092C30 /* Assets.xcassets in Resources */ = {isa = PBXBuildFile; fileRef = 810C2ECF2B1E262300092C30 /* Assets.xcassets */; };
		810C2ED32B1E262300092C30 /* LaunchScreen.storyboard in Resources */ = {isa = PBXBuildFile; fileRef = 810C2ED12B1E262300092C30 /* LaunchScreen.storyboard */; };
		810C2EEC2B1E2F8000092C30 /* LoginInterfaces.swift in Sources */ = {isa = PBXBuildFile; fileRef = 810C2EE72B1E2F8000092C30 /* LoginInterfaces.swift */; };
		810C2EED2B1E2F8000092C30 /* LoginPresenter.swift in Sources */ = {isa = PBXBuildFile; fileRef = 810C2EE82B1E2F8000092C30 /* LoginPresenter.swift */; };
		810C2EEE2B1E2F8000092C30 /* LoginViewController.swift in Sources */ = {isa = PBXBuildFile; fileRef = 810C2EE92B1E2F8000092C30 /* LoginViewController.swift */; };
		810C2EEF2B1E2F8000092C30 /* LoginInteractor.swift in Sources */ = {isa = PBXBuildFile; fileRef = 810C2EEA2B1E2F8000092C30 /* LoginInteractor.swift */; };
		810C2EF02B1E2F8000092C30 /* LoginWireframe.swift in Sources */ = {isa = PBXBuildFile; fileRef = 810C2EEB2B1E2F8000092C30 /* LoginWireframe.swift */; };
		810C2EF22B1E389400092C30 /* Main.storyboard in Resources */ = {isa = PBXBuildFile; fileRef = 810C2EF12B1E389400092C30 /* Main.storyboard */; };
		810C2EF42B1E389C00092C30 /* ViewController.swift in Sources */ = {isa = PBXBuildFile; fileRef = 810C2EF32B1E389C00092C30 /* ViewController.swift */; };
		810C2EF72B1E520700092C30 /* data.swift in Sources */ = {isa = PBXBuildFile; fileRef = 810C2EF62B1E520700092C30 /* data.swift */; };
		810C2EFD2B1E6CE800092C30 /* PostLoginInterfaces.swift in Sources */ = {isa = PBXBuildFile; fileRef = 810C2EF82B1E6CE800092C30 /* PostLoginInterfaces.swift */; };
		810C2EFE2B1E6CE800092C30 /* PostLoginPresenter.swift in Sources */ = {isa = PBXBuildFile; fileRef = 810C2EF92B1E6CE800092C30 /* PostLoginPresenter.swift */; };
		810C2EFF2B1E6CE800092C30 /* PostLoginViewController.swift in Sources */ = {isa = PBXBuildFile; fileRef = 810C2EFA2B1E6CE800092C30 /* PostLoginViewController.swift */; };
		810C2F002B1E6CE800092C30 /* PostLoginInteractor.swift in Sources */ = {isa = PBXBuildFile; fileRef = 810C2EFB2B1E6CE800092C30 /* PostLoginInteractor.swift */; };
		810C2F012B1E6CE800092C30 /* PostLoginWireframe.swift in Sources */ = {isa = PBXBuildFile; fileRef = 810C2EFC2B1E6CE800092C30 /* PostLoginWireframe.swift */; };
		810C2F042B1E7FDA00092C30 /* UsersTableViewCell.swift in Sources */ = {isa = PBXBuildFile; fileRef = 810C2F032B1E7FDA00092C30 /* UsersTableViewCell.swift */; };
		81ADC5142B1ED6A5006CD55E /* Localizable.strings in Resources */ = {isa = PBXBuildFile; fileRef = 81ADC5162B1ED6A5006CD55E /* Localizable.strings */; };
		81ADC52E2B1EF117006CD55E /* GoogleService-Info.plist in Resources */ = {isa = PBXBuildFile; fileRef = 81ADC52D2B1EF116006CD55E /* GoogleService-Info.plist */; };
/* End PBXBuildFile section */

/* Begin PBXFileReference section */
		810C2EC02B1E262000092C30 /* CasoPractico.app */ = {isa = PBXFileReference; explicitFileType = wrapper.application; includeInIndex = 0; path = CasoPractico.app; sourceTree = BUILT_PRODUCTS_DIR; };
		810C2EC32B1E262000092C30 /* AppDelegate.swift */ = {isa = PBXFileReference; lastKnownFileType = sourcecode.swift; path = AppDelegate.swift; sourceTree = "<group>"; };
		810C2EC52B1E262000092C30 /* SceneDelegate.swift */ = {isa = PBXFileReference; lastKnownFileType = sourcecode.swift; path = SceneDelegate.swift; sourceTree = "<group>"; };
		810C2ECD2B1E262000092C30 /* CasoPractico.xcdatamodel */ = {isa = PBXFileReference; lastKnownFileType = wrapper.xcdatamodel; path = CasoPractico.xcdatamodel; sourceTree = "<group>"; };
		810C2ECF2B1E262300092C30 /* Assets.xcassets */ = {isa = PBXFileReference; lastKnownFileType = folder.assetcatalog; path = Assets.xcassets; sourceTree = "<group>"; };
		810C2ED22B1E262300092C30 /* Base */ = {isa = PBXFileReference; lastKnownFileType = file.storyboard; name = Base; path = Base.lproj/LaunchScreen.storyboard; sourceTree = "<group>"; };
		810C2ED42B1E262300092C30 /* Info.plist */ = {isa = PBXFileReference; lastKnownFileType = text.plist.xml; path = Info.plist; sourceTree = "<group>"; };
		810C2EE72B1E2F8000092C30 /* LoginInterfaces.swift */ = {isa = PBXFileReference; lastKnownFileType = sourcecode.swift; path = LoginInterfaces.swift; sourceTree = "<group>"; };
		810C2EE82B1E2F8000092C30 /* LoginPresenter.swift */ = {isa = PBXFileReference; lastKnownFileType = sourcecode.swift; path = LoginPresenter.swift; sourceTree = "<group>"; };
		810C2EE92B1E2F8000092C30 /* LoginViewController.swift */ = {isa = PBXFileReference; lastKnownFileType = sourcecode.swift; path = LoginViewController.swift; sourceTree = "<group>"; };
		810C2EEA2B1E2F8000092C30 /* LoginInteractor.swift */ = {isa = PBXFileReference; lastKnownFileType = sourcecode.swift; path = LoginInteractor.swift; sourceTree = "<group>"; };
		810C2EEB2B1E2F8000092C30 /* LoginWireframe.swift */ = {isa = PBXFileReference; lastKnownFileType = sourcecode.swift; path = LoginWireframe.swift; sourceTree = "<group>"; };
		810C2EF12B1E389400092C30 /* Main.storyboard */ = {isa = PBXFileReference; fileEncoding = 4; lastKnownFileType = file.storyboard; path = Main.storyboard; sourceTree = "<group>"; };
		810C2EF32B1E389C00092C30 /* ViewController.swift */ = {isa = PBXFileReference; fileEncoding = 4; lastKnownFileType = sourcecode.swift; path = ViewController.swift; sourceTree = "<group>"; };
		810C2EF62B1E520700092C30 /* data.swift */ = {isa = PBXFileReference; lastKnownFileType = sourcecode.swift; path = data.swift; sourceTree = "<group>"; };
		810C2EF82B1E6CE800092C30 /* PostLoginInterfaces.swift */ = {isa = PBXFileReference; lastKnownFileType = sourcecode.swift; path = PostLoginInterfaces.swift; sourceTree = "<group>"; };
		810C2EF92B1E6CE800092C30 /* PostLoginPresenter.swift */ = {isa = PBXFileReference; lastKnownFileType = sourcecode.swift; path = PostLoginPresenter.swift; sourceTree = "<group>"; };
		810C2EFA2B1E6CE800092C30 /* PostLoginViewController.swift */ = {isa = PBXFileReference; lastKnownFileType = sourcecode.swift; path = PostLoginViewController.swift; sourceTree = "<group>"; };
		810C2EFB2B1E6CE800092C30 /* PostLoginInteractor.swift */ = {isa = PBXFileReference; lastKnownFileType = sourcecode.swift; path = PostLoginInteractor.swift; sourceTree = "<group>"; };
		810C2EFC2B1E6CE800092C30 /* PostLoginWireframe.swift */ = {isa = PBXFileReference; lastKnownFileType = sourcecode.swift; path = PostLoginWireframe.swift; sourceTree = "<group>"; };
		810C2F032B1E7FDA00092C30 /* UsersTableViewCell.swift */ = {isa = PBXFileReference; lastKnownFileType = sourcecode.swift; path = UsersTableViewCell.swift; sourceTree = "<group>"; };
		81ADC5152B1ED6A5006CD55E /* en */ = {isa = PBXFileReference; lastKnownFileType = text.plist.strings; name = en; path = en.lproj/Localizable.strings; sourceTree = "<group>"; };
		81ADC5172B1ED6E3006CD55E /* es-419 */ = {isa = PBXFileReference; lastKnownFileType = text.plist.strings; name = "es-419"; path = "es-419.lproj/Localizable.strings"; sourceTree = "<group>"; };
		81ADC52D2B1EF116006CD55E /* GoogleService-Info.plist */ = {isa = PBXFileReference; fileEncoding = 4; lastKnownFileType = text.plist.xml; path = "GoogleService-Info.plist"; sourceTree = "<group>"; };
/* End PBXFileReference section */

/* Begin PBXFrameworksBuildPhase section */
		810C2EBD2B1E262000092C30 /* Frameworks */ = {
			isa = PBXFrameworksBuildPhase;
			buildActionMask = 2147483647;
			files = (
				16A6D00C2B1F970500C6BC50 /* FirebaseDatabaseSwift in Frameworks */,
				16A6D0102B1F970500C6BC50 /* FirebaseFirestoreCombine-Community in Frameworks */,
				16A6D00A2B1F970500C6BC50 /* FirebaseDatabase in Frameworks */,
				16A6D01A2B1F970500C6BC50 /* FirebaseStorageCombine-Community in Frameworks */,
				16A6D0042B1F970500C6BC50 /* FirebaseAnalyticsSwift in Frameworks */,
				16A6D0062B1F970500C6BC50 /* FirebaseAnalyticsWithoutAdIdSupport in Frameworks */,
				16A6D0182B1F970500C6BC50 /* FirebaseStorage in Frameworks */,
				16A6D0162B1F970500C6BC50 /* FirebaseRemoteConfigSwift in Frameworks */,
				16A6D0022B1F970500C6BC50 /* FirebaseAnalytics in Frameworks */,
				16A6D0082B1F970500C6BC50 /* FirebaseAuth in Frameworks */,
				16A6D00E2B1F970500C6BC50 /* FirebaseFirestore in Frameworks */,
				16A6D0122B1F970500C6BC50 /* FirebaseFirestoreSwift in Frameworks */,
				16A6D0142B1F970500C6BC50 /* FirebaseRemoteConfig in Frameworks */,
			);
			runOnlyForDeploymentPostprocessing = 0;
		};
/* End PBXFrameworksBuildPhase section */

/* Begin PBXGroup section */
		810C2EB72B1E262000092C30 = {
			isa = PBXGroup;
			children = (
				81ADC5162B1ED6A5006CD55E /* Localizable.strings */,
				810C2EC22B1E262000092C30 /* CasoPractico */,
				810C2EC12B1E262000092C30 /* Products */,
				81ADC52F2B1EF3A4006CD55E /* Frameworks */,
			);
			sourceTree = "<group>";
		};
		810C2EC12B1E262000092C30 /* Products */ = {
			isa = PBXGroup;
			children = (
				810C2EC02B1E262000092C30 /* CasoPractico.app */,
			);
			name = Products;
			sourceTree = "<group>";
		};
		810C2EC22B1E262000092C30 /* CasoPractico */ = {
			isa = PBXGroup;
			children = (
				810C2EDA2B1E2F0800092C30 /* Viper */,
				810C2EC32B1E262000092C30 /* AppDelegate.swift */,
				810C2EC52B1E262000092C30 /* SceneDelegate.swift */,
				810C2ECF2B1E262300092C30 /* Assets.xcassets */,
				810C2ED12B1E262300092C30 /* LaunchScreen.storyboard */,
				810C2ED42B1E262300092C30 /* Info.plist */,
				810C2ECC2B1E262000092C30 /* CasoPractico.xcdatamodeld */,
				81ADC52D2B1EF116006CD55E /* GoogleService-Info.plist */,
				810C2EF12B1E389400092C30 /* Main.storyboard */,
				810C2EF32B1E389C00092C30 /* ViewController.swift */,
			);
			path = CasoPractico;
			sourceTree = "<group>";
		};
		810C2EDA2B1E2F0800092C30 /* Viper */ = {
			isa = PBXGroup;
			children = (
				810C2EDC2B1E2F1300092C30 /* PostLogin */,
				810C2EDB2B1E2F0D00092C30 /* Login */,
			);
			path = Viper;
			sourceTree = "<group>";
		};
		810C2EDB2B1E2F0D00092C30 /* Login */ = {
			isa = PBXGroup;
			children = (
				810C2EF52B1E51E500092C30 /* Custom */,
				810C2EE72B1E2F8000092C30 /* LoginInterfaces.swift */,
				810C2EE82B1E2F8000092C30 /* LoginPresenter.swift */,
				810C2EE92B1E2F8000092C30 /* LoginViewController.swift */,
				810C2EEA2B1E2F8000092C30 /* LoginInteractor.swift */,
				810C2EEB2B1E2F8000092C30 /* LoginWireframe.swift */,
			);
			path = Login;
			sourceTree = "<group>";
		};
		810C2EDC2B1E2F1300092C30 /* PostLogin */ = {
			isa = PBXGroup;
			children = (
				810C2F022B1E7FAE00092C30 /* Custom */,
				810C2EF82B1E6CE800092C30 /* PostLoginInterfaces.swift */,
				810C2EF92B1E6CE800092C30 /* PostLoginPresenter.swift */,
				810C2EFA2B1E6CE800092C30 /* PostLoginViewController.swift */,
				810C2EFB2B1E6CE800092C30 /* PostLoginInteractor.swift */,
				810C2EFC2B1E6CE800092C30 /* PostLoginWireframe.swift */,
			);
			path = PostLogin;
			sourceTree = "<group>";
		};
		810C2EF52B1E51E500092C30 /* Custom */ = {
			isa = PBXGroup;
			children = (
				810C2EF62B1E520700092C30 /* data.swift */,
			);
			path = Custom;
			sourceTree = "<group>";
		};
		810C2F022B1E7FAE00092C30 /* Custom */ = {
			isa = PBXGroup;
			children = (
				810C2F032B1E7FDA00092C30 /* UsersTableViewCell.swift */,
			);
			path = Custom;
			sourceTree = "<group>";
		};
		81ADC52F2B1EF3A4006CD55E /* Frameworks */ = {
			isa = PBXGroup;
			children = (
			);
			name = Frameworks;
			sourceTree = "<group>";
		};
/* End PBXGroup section */

/* Begin PBXNativeTarget section */
		810C2EBF2B1E262000092C30 /* CasoPractico */ = {
			isa = PBXNativeTarget;
			buildConfigurationList = 810C2ED72B1E262300092C30 /* Build configuration list for PBXNativeTarget "CasoPractico" */;
			buildPhases = (
				810C2EBC2B1E262000092C30 /* Sources */,
				810C2EBD2B1E262000092C30 /* Frameworks */,
				810C2EBE2B1E262000092C30 /* Resources */,
			);
			buildRules = (
			);
			dependencies = (
			);
			name = CasoPractico;
			packageProductDependencies = (
				16A6D0012B1F970500C6BC50 /* FirebaseAnalytics */,
				16A6D0032B1F970500C6BC50 /* FirebaseAnalyticsSwift */,
				16A6D0052B1F970500C6BC50 /* FirebaseAnalyticsWithoutAdIdSupport */,
				16A6D0072B1F970500C6BC50 /* FirebaseAuth */,
				16A6D0092B1F970500C6BC50 /* FirebaseDatabase */,
				16A6D00B2B1F970500C6BC50 /* FirebaseDatabaseSwift */,
				16A6D00D2B1F970500C6BC50 /* FirebaseFirestore */,
				16A6D00F2B1F970500C6BC50 /* FirebaseFirestoreCombine-Community */,
				16A6D0112B1F970500C6BC50 /* FirebaseFirestoreSwift */,
				16A6D0132B1F970500C6BC50 /* FirebaseRemoteConfig */,
				16A6D0152B1F970500C6BC50 /* FirebaseRemoteConfigSwift */,
				16A6D0172B1F970500C6BC50 /* FirebaseStorage */,
				16A6D0192B1F970500C6BC50 /* FirebaseStorageCombine-Community */,
			);
			productName = CasoPractico;
			productReference = 810C2EC02B1E262000092C30 /* CasoPractico.app */;
			productType = "com.apple.product-type.application";
		};
/* End PBXNativeTarget section */

/* Begin PBXProject section */
		810C2EB82B1E262000092C30 /* Project object */ = {
			isa = PBXProject;
			attributes = {
				BuildIndependentTargetsInParallel = 1;
				LastSwiftUpdateCheck = 1400;
				LastUpgradeCheck = 1400;
				TargetAttributes = {
					810C2EBF2B1E262000092C30 = {
						CreatedOnToolsVersion = 14.0;
					};
				};
			};
			buildConfigurationList = 810C2EBB2B1E262000092C30 /* Build configuration list for PBXProject "CasoPractico" */;
			compatibilityVersion = "Xcode 14.0";
			developmentRegion = en;
			hasScannedForEncodings = 0;
			knownRegions = (
				en,
				Base,
				"es-419",
			);
			mainGroup = 810C2EB72B1E262000092C30;
			packageReferences = (
				16A6D0002B1F970500C6BC50 /* XCRemoteSwiftPackageReference "firebase-ios-sdk" */,
			);
			productRefGroup = 810C2EC12B1E262000092C30 /* Products */;
			projectDirPath = "";
			projectRoot = "";
			targets = (
				810C2EBF2B1E262000092C30 /* CasoPractico */,
			);
		};
/* End PBXProject section */

/* Begin PBXResourcesBuildPhase section */
		810C2EBE2B1E262000092C30 /* Resources */ = {
			isa = PBXResourcesBuildPhase;
			buildActionMask = 2147483647;
			files = (
				81ADC52E2B1EF117006CD55E /* GoogleService-Info.plist in Resources */,
				810C2EF22B1E389400092C30 /* Main.storyboard in Resources */,
				81ADC5142B1ED6A5006CD55E /* Localizable.strings in Resources */,
				810C2ED32B1E262300092C30 /* LaunchScreen.storyboard in Resources */,
				810C2ED02B1E262300092C30 /* Assets.xcassets in Resources */,
			);
			runOnlyForDeploymentPostprocessing = 0;
		};
/* End PBXResourcesBuildPhase section */

/* Begin PBXSourcesBuildPhase section */
		810C2EBC2B1E262000092C30 /* Sources */ = {
			isa = PBXSourcesBuildPhase;
			buildActionMask = 2147483647;
			files = (
				810C2EEE2B1E2F8000092C30 /* LoginViewController.swift in Sources */,
				810C2EF02B1E2F8000092C30 /* LoginWireframe.swift in Sources */,
				810C2EEC2B1E2F8000092C30 /* LoginInterfaces.swift in Sources */,
				810C2EF72B1E520700092C30 /* data.swift in Sources */,
				810C2EFD2B1E6CE800092C30 /* PostLoginInterfaces.swift in Sources */,
				810C2EF42B1E389C00092C30 /* ViewController.swift in Sources */,
				810C2EFE2B1E6CE800092C30 /* PostLoginPresenter.swift in Sources */,
				810C2EFF2B1E6CE800092C30 /* PostLoginViewController.swift in Sources */,
				810C2F042B1E7FDA00092C30 /* UsersTableViewCell.swift in Sources */,
				810C2F002B1E6CE800092C30 /* PostLoginInteractor.swift in Sources */,
				810C2EED2B1E2F8000092C30 /* LoginPresenter.swift in Sources */,
				810C2ECE2B1E262000092C30 /* CasoPractico.xcdatamodeld in Sources */,
				810C2EC42B1E262000092C30 /* AppDelegate.swift in Sources */,
				810C2EC62B1E262000092C30 /* SceneDelegate.swift in Sources */,
				810C2EEF2B1E2F8000092C30 /* LoginInteractor.swift in Sources */,
				810C2F012B1E6CE800092C30 /* PostLoginWireframe.swift in Sources */,
			);
			runOnlyForDeploymentPostprocessing = 0;
		};
/* End PBXSourcesBuildPhase section */

/* Begin PBXVariantGroup section */
		810C2ED12B1E262300092C30 /* LaunchScreen.storyboard */ = {
			isa = PBXVariantGroup;
			children = (
				810C2ED22B1E262300092C30 /* Base */,
			);
			name = LaunchScreen.storyboard;
			sourceTree = "<group>";
		};
		81ADC5162B1ED6A5006CD55E /* Localizable.strings */ = {
			isa = PBXVariantGroup;
			children = (
				81ADC5152B1ED6A5006CD55E /* en */,
				81ADC5172B1ED6E3006CD55E /* es-419 */,
			);
			name = Localizable.strings;
			sourceTree = "<group>";
		};
/* End PBXVariantGroup section */

/* Begin XCBuildConfiguration section */
		810C2ED52B1E262300092C30 /* Debug */ = {
			isa = XCBuildConfiguration;
			buildSettings = {
				ALWAYS_SEARCH_USER_PATHS = NO;
				CLANG_ANALYZER_LOCALIZABILITY_NONLOCALIZED = YES;
				CLANG_ANALYZER_NONNULL = YES;
				CLANG_ANALYZER_NUMBER_OBJECT_CONVERSION = YES_AGGRESSIVE;
				CLANG_CXX_LANGUAGE_STANDARD = "gnu++20";
				CLANG_ENABLE_MODULES = YES;
				CLANG_ENABLE_OBJC_ARC = YES;
				CLANG_ENABLE_OBJC_WEAK = YES;
				CLANG_WARN_BLOCK_CAPTURE_AUTORELEASING = YES;
				CLANG_WARN_BOOL_CONVERSION = YES;
				CLANG_WARN_COMMA = YES;
				CLANG_WARN_CONSTANT_CONVERSION = YES;
				CLANG_WARN_DEPRECATED_OBJC_IMPLEMENTATIONS = YES;
				CLANG_WARN_DIRECT_OBJC_ISA_USAGE = YES_ERROR;
				CLANG_WARN_DOCUMENTATION_COMMENTS = YES;
				CLANG_WARN_EMPTY_BODY = YES;
				CLANG_WARN_ENUM_CONVERSION = YES;
				CLANG_WARN_INFINITE_RECURSION = YES;
				CLANG_WARN_INT_CONVERSION = YES;
				CLANG_WARN_NON_LITERAL_NULL_CONVERSION = YES;
				CLANG_WARN_OBJC_IMPLICIT_RETAIN_SELF = YES;
				CLANG_WARN_OBJC_LITERAL_CONVERSION = YES;
				CLANG_WARN_OBJC_ROOT_CLASS = YES_ERROR;
				CLANG_WARN_QUOTED_INCLUDE_IN_FRAMEWORK_HEADER = YES;
				CLANG_WARN_RANGE_LOOP_ANALYSIS = YES;
				CLANG_WARN_STRICT_PROTOTYPES = YES;
				CLANG_WARN_SUSPICIOUS_MOVE = YES;
				CLANG_WARN_UNGUARDED_AVAILABILITY = YES_AGGRESSIVE;
				CLANG_WARN_UNREACHABLE_CODE = YES;
				CLANG_WARN__DUPLICATE_METHOD_MATCH = YES;
				COPY_PHASE_STRIP = NO;
				DEBUG_INFORMATION_FORMAT = dwarf;
				ENABLE_STRICT_OBJC_MSGSEND = YES;
				ENABLE_TESTABILITY = YES;
				GCC_C_LANGUAGE_STANDARD = gnu11;
				GCC_DYNAMIC_NO_PIC = NO;
				GCC_NO_COMMON_BLOCKS = YES;
				GCC_OPTIMIZATION_LEVEL = 0;
				GCC_PREPROCESSOR_DEFINITIONS = (
					"DEBUG=1",
					"$(inherited)",
				);
				GCC_WARN_64_TO_32_BIT_CONVERSION = YES;
				GCC_WARN_ABOUT_RETURN_TYPE = YES_ERROR;
				GCC_WARN_UNDECLARED_SELECTOR = YES;
				GCC_WARN_UNINITIALIZED_AUTOS = YES_AGGRESSIVE;
				GCC_WARN_UNUSED_FUNCTION = YES;
				GCC_WARN_UNUSED_VARIABLE = YES;
				IPHONEOS_DEPLOYMENT_TARGET = 16.0;
				MTL_ENABLE_DEBUG_INFO = INCLUDE_SOURCE;
				MTL_FAST_MATH = YES;
				ONLY_ACTIVE_ARCH = YES;
				SDKROOT = iphoneos;
				SWIFT_ACTIVE_COMPILATION_CONDITIONS = DEBUG;
				SWIFT_OPTIMIZATION_LEVEL = "-Onone";
			};
			name = Debug;
		};
		810C2ED62B1E262300092C30 /* Release */ = {
			isa = XCBuildConfiguration;
			buildSettings = {
				ALWAYS_SEARCH_USER_PATHS = NO;
				CLANG_ANALYZER_LOCALIZABILITY_NONLOCALIZED = YES;
				CLANG_ANALYZER_NONNULL = YES;
				CLANG_ANALYZER_NUMBER_OBJECT_CONVERSION = YES_AGGRESSIVE;
				CLANG_CXX_LANGUAGE_STANDARD = "gnu++20";
				CLANG_ENABLE_MODULES = YES;
				CLANG_ENABLE_OBJC_ARC = YES;
				CLANG_ENABLE_OBJC_WEAK = YES;
				CLANG_WARN_BLOCK_CAPTURE_AUTORELEASING = YES;
				CLANG_WARN_BOOL_CONVERSION = YES;
				CLANG_WARN_COMMA = YES;
				CLANG_WARN_CONSTANT_CONVERSION = YES;
				CLANG_WARN_DEPRECATED_OBJC_IMPLEMENTATIONS = YES;
				CLANG_WARN_DIRECT_OBJC_ISA_USAGE = YES_ERROR;
				CLANG_WARN_DOCUMENTATION_COMMENTS = YES;
				CLANG_WARN_EMPTY_BODY = YES;
				CLANG_WARN_ENUM_CONVERSION = YES;
				CLANG_WARN_INFINITE_RECURSION = YES;
				CLANG_WARN_INT_CONVERSION = YES;
				CLANG_WARN_NON_LITERAL_NULL_CONVERSION = YES;
				CLANG_WARN_OBJC_IMPLICIT_RETAIN_SELF = YES;
				CLANG_WARN_OBJC_LITERAL_CONVERSION = YES;
				CLANG_WARN_OBJC_ROOT_CLASS = YES_ERROR;
				CLANG_WARN_QUOTED_INCLUDE_IN_FRAMEWORK_HEADER = YES;
				CLANG_WARN_RANGE_LOOP_ANALYSIS = YES;
				CLANG_WARN_STRICT_PROTOTYPES = YES;
				CLANG_WARN_SUSPICIOUS_MOVE = YES;
				CLANG_WARN_UNGUARDED_AVAILABILITY = YES_AGGRESSIVE;
				CLANG_WARN_UNREACHABLE_CODE = YES;
				CLANG_WARN__DUPLICATE_METHOD_MATCH = YES;
				COPY_PHASE_STRIP = NO;
				DEBUG_INFORMATION_FORMAT = "dwarf-with-dsym";
				ENABLE_NS_ASSERTIONS = NO;
				ENABLE_STRICT_OBJC_MSGSEND = YES;
				GCC_C_LANGUAGE_STANDARD = gnu11;
				GCC_NO_COMMON_BLOCKS = YES;
				GCC_WARN_64_TO_32_BIT_CONVERSION = YES;
				GCC_WARN_ABOUT_RETURN_TYPE = YES_ERROR;
				GCC_WARN_UNDECLARED_SELECTOR = YES;
				GCC_WARN_UNINITIALIZED_AUTOS = YES_AGGRESSIVE;
				GCC_WARN_UNUSED_FUNCTION = YES;
				GCC_WARN_UNUSED_VARIABLE = YES;
				IPHONEOS_DEPLOYMENT_TARGET = 16.0;
				MTL_ENABLE_DEBUG_INFO = NO;
				MTL_FAST_MATH = YES;
				SDKROOT = iphoneos;
				SWIFT_COMPILATION_MODE = wholemodule;
				SWIFT_OPTIMIZATION_LEVEL = "-O";
				VALIDATE_PRODUCT = YES;
			};
			name = Release;
		};
		810C2ED82B1E262300092C30 /* Debug */ = {
			isa = XCBuildConfiguration;
			buildSettings = {
				ASSETCATALOG_COMPILER_APPICON_NAME = AppIcon;
				ASSETCATALOG_COMPILER_GLOBAL_ACCENT_COLOR_NAME = AccentColor;
				CODE_SIGN_STYLE = Automatic;
				CURRENT_PROJECT_VERSION = 1;
				DEVELOPMENT_TEAM = L4L35672UX;
				GENERATE_INFOPLIST_FILE = YES;
				INFOPLIST_FILE = CasoPractico/Info.plist;
				INFOPLIST_KEY_UIApplicationSupportsIndirectInputEvents = YES;
				INFOPLIST_KEY_UILaunchStoryboardName = LaunchScreen;
				INFOPLIST_KEY_UIMainStoryboardFile = Main;
				INFOPLIST_KEY_UISupportedInterfaceOrientations_iPad = "UIInterfaceOrientationPortrait UIInterfaceOrientationPortraitUpsideDown UIInterfaceOrientationLandscapeLeft UIInterfaceOrientationLandscapeRight";
				INFOPLIST_KEY_UISupportedInterfaceOrientations_iPhone = "UIInterfaceOrientationPortrait UIInterfaceOrientationLandscapeLeft UIInterfaceOrientationLandscapeRight";
				LD_RUNPATH_SEARCH_PATHS = (
					"$(inherited)",
					"@executable_path/Frameworks",
				);
				MARKETING_VERSION = 1.0;
				"OTHER_LDFLAGS[arch=*]" = "-ObjC";
				PRODUCT_BUNDLE_IDENTIFIER = b.CasoPractico;
				PRODUCT_NAME = "$(TARGET_NAME)";
				SWIFT_EMIT_LOC_STRINGS = YES;
				SWIFT_VERSION = 5.0;
				TARGETED_DEVICE_FAMILY = "1,2";
			};
			name = Debug;
		};
		810C2ED92B1E262300092C30 /* Release */ = {
			isa = XCBuildConfiguration;
			buildSettings = {
				ASSETCATALOG_COMPILER_APPICON_NAME = AppIcon;
				ASSETCATALOG_COMPILER_GLOBAL_ACCENT_COLOR_NAME = AccentColor;
				CODE_SIGN_STYLE = Automatic;
				CURRENT_PROJECT_VERSION = 1;
				DEVELOPMENT_TEAM = L4L35672UX;
				GENERATE_INFOPLIST_FILE = YES;
				INFOPLIST_FILE = CasoPractico/Info.plist;
				INFOPLIST_KEY_UIApplicationSupportsIndirectInputEvents = YES;
				INFOPLIST_KEY_UILaunchStoryboardName = LaunchScreen;
				INFOPLIST_KEY_UIMainStoryboardFile = Main;
				INFOPLIST_KEY_UISupportedInterfaceOrientations_iPad = "UIInterfaceOrientationPortrait UIInterfaceOrientationPortraitUpsideDown UIInterfaceOrientationLandscapeLeft UIInterfaceOrientationLandscapeRight";
				INFOPLIST_KEY_UISupportedInterfaceOrientations_iPhone = "UIInterfaceOrientationPortrait UIInterfaceOrientationLandscapeLeft UIInterfaceOrientationLandscapeRight";
				LD_RUNPATH_SEARCH_PATHS = (
					"$(inherited)",
					"@executable_path/Frameworks",
				);
				MARKETING_VERSION = 1.0;
				"OTHER_LDFLAGS[arch=*]" = "-ObjC";
				PRODUCT_BUNDLE_IDENTIFIER = b.CasoPractico;
				PRODUCT_NAME = "$(TARGET_NAME)";
				SWIFT_EMIT_LOC_STRINGS = YES;
				SWIFT_VERSION = 5.0;
				TARGETED_DEVICE_FAMILY = "1,2";
			};
			name = Release;
		};
/* End XCBuildConfiguration section */

/* Begin XCConfigurationList section */
		810C2EBB2B1E262000092C30 /* Build configuration list for PBXProject "CasoPractico" */ = {
			isa = XCConfigurationList;
			buildConfigurations = (
				810C2ED52B1E262300092C30 /* Debug */,
				810C2ED62B1E262300092C30 /* Release */,
			);
			defaultConfigurationIsVisible = 0;
			defaultConfigurationName = Release;
		};
		810C2ED72B1E262300092C30 /* Build configuration list for PBXNativeTarget "CasoPractico" */ = {
			isa = XCConfigurationList;
			buildConfigurations = (
				810C2ED82B1E262300092C30 /* Debug */,
				810C2ED92B1E262300092C30 /* Release */,
			);
			defaultConfigurationIsVisible = 0;
			defaultConfigurationName = Release;
		};
/* End XCConfigurationList section */

/* Begin XCRemoteSwiftPackageReference section */
		16A6D0002B1F970500C6BC50 /* XCRemoteSwiftPackageReference "firebase-ios-sdk" */ = {
			isa = XCRemoteSwiftPackageReference;
			repositoryURL = "https://github.com/firebase/firebase-ios-sdk";
			requirement = {
				kind = upToNextMajorVersion;
				minimumVersion = 9.0.0;
			};
		};
/* End XCRemoteSwiftPackageReference section */

/* Begin XCSwiftPackageProductDependency section */
		16A6D0012B1F970500C6BC50 /* FirebaseAnalytics */ = {
			isa = XCSwiftPackageProductDependency;
			package = 16A6D0002B1F970500C6BC50 /* XCRemoteSwiftPackageReference "firebase-ios-sdk" */;
			productName = FirebaseAnalytics;
		};
		16A6D0032B1F970500C6BC50 /* FirebaseAnalyticsSwift */ = {
			isa = XCSwiftPackageProductDependency;
			package = 16A6D0002B1F970500C6BC50 /* XCRemoteSwiftPackageReference "firebase-ios-sdk" */;
			productName = FirebaseAnalyticsSwift;
		};
		16A6D0052B1F970500C6BC50 /* FirebaseAnalyticsWithoutAdIdSupport */ = {
			isa = XCSwiftPackageProductDependency;
			package = 16A6D0002B1F970500C6BC50 /* XCRemoteSwiftPackageReference "firebase-ios-sdk" */;
			productName = FirebaseAnalyticsWithoutAdIdSupport;
		};
		16A6D0072B1F970500C6BC50 /* FirebaseAuth */ = {
			isa = XCSwiftPackageProductDependency;
			package = 16A6D0002B1F970500C6BC50 /* XCRemoteSwiftPackageReference "firebase-ios-sdk" */;
			productName = FirebaseAuth;
		};
		16A6D0092B1F970500C6BC50 /* FirebaseDatabase */ = {
			isa = XCSwiftPackageProductDependency;
			package = 16A6D0002B1F970500C6BC50 /* XCRemoteSwiftPackageReference "firebase-ios-sdk" */;
			productName = FirebaseDatabase;
		};
		16A6D00B2B1F970500C6BC50 /* FirebaseDatabaseSwift */ = {
			isa = XCSwiftPackageProductDependency;
			package = 16A6D0002B1F970500C6BC50 /* XCRemoteSwiftPackageReference "firebase-ios-sdk" */;
			productName = FirebaseDatabaseSwift;
		};
		16A6D00D2B1F970500C6BC50 /* FirebaseFirestore */ = {
			isa = XCSwiftPackageProductDependency;
			package = 16A6D0002B1F970500C6BC50 /* XCRemoteSwiftPackageReference "firebase-ios-sdk" */;
			productName = FirebaseFirestore;
		};
		16A6D00F2B1F970500C6BC50 /* FirebaseFirestoreCombine-Community */ = {
			isa = XCSwiftPackageProductDependency;
			package = 16A6D0002B1F970500C6BC50 /* XCRemoteSwiftPackageReference "firebase-ios-sdk" */;
			productName = "FirebaseFirestoreCombine-Community";
		};
		16A6D0112B1F970500C6BC50 /* FirebaseFirestoreSwift */ = {
			isa = XCSwiftPackageProductDependency;
			package = 16A6D0002B1F970500C6BC50 /* XCRemoteSwiftPackageReference "firebase-ios-sdk" */;
			productName = FirebaseFirestoreSwift;
		};
		16A6D0132B1F970500C6BC50 /* FirebaseRemoteConfig */ = {
			isa = XCSwiftPackageProductDependency;
			package = 16A6D0002B1F970500C6BC50 /* XCRemoteSwiftPackageReference "firebase-ios-sdk" */;
			productName = FirebaseRemoteConfig;
		};
		16A6D0152B1F970500C6BC50 /* FirebaseRemoteConfigSwift */ = {
			isa = XCSwiftPackageProductDependency;
			package = 16A6D0002B1F970500C6BC50 /* XCRemoteSwiftPackageReference "firebase-ios-sdk" */;
			productName = FirebaseRemoteConfigSwift;
		};
		16A6D0172B1F970500C6BC50 /* FirebaseStorage */ = {
			isa = XCSwiftPackageProductDependency;
			package = 16A6D0002B1F970500C6BC50 /* XCRemoteSwiftPackageReference "firebase-ios-sdk" */;
			productName = FirebaseStorage;
		};
		16A6D0192B1F970500C6BC50 /* FirebaseStorageCombine-Community */ = {
			isa = XCSwiftPackageProductDependency;
			package = 16A6D0002B1F970500C6BC50 /* XCRemoteSwiftPackageReference "firebase-ios-sdk" */;
			productName = "FirebaseStorageCombine-Community";
		};
/* End XCSwiftPackageProductDependency section */

/* Begin XCVersionGroup section */
		810C2ECC2B1E262000092C30 /* CasoPractico.xcdatamodeld */ = {
			isa = XCVersionGroup;
			children = (
				810C2ECD2B1E262000092C30 /* CasoPractico.xcdatamodel */,
			);
			currentVersion = 810C2ECD2B1E262000092C30 /* CasoPractico.xcdatamodel */;
			path = CasoPractico.xcdatamodeld;
			sourceTree = "<group>";
			versionGroupType = wrapper.xcdatamodel;
		};
/* End XCVersionGroup section */
	};
	rootObject = 810C2EB82B1E262000092C30 /* Project object */;
}
